// !$*UTF8*$!
{
	archiveVersion = 1;
	classes = {
	};
	objectVersion = 46;
	objects = {

/* Begin PBXBuildFile section */
		F338D23C1B3BBEDB00C22B86 /* AppDelegate.m in Sources */ = {isa = PBXBuildFile; fileRef = F338D23B1B3BBEDB00C22B86 /* AppDelegate.m */; };
		F338D23E1B3BBEDB00C22B86 /* main.m in Sources */ = {isa = PBXBuildFile; fileRef = F338D23D1B3BBEDB00C22B86 /* main.m */; };
		F338D2411B3BBEDB00C22B86 /* ViewController.m in Sources */ = {isa = PBXBuildFile; fileRef = F338D2401B3BBEDB00C22B86 /* ViewController.m */; };
		F338D2431B3BBEDB00C22B86 /* Images.xcassets in Resources */ = {isa = PBXBuildFile; fileRef = F338D2421B3BBEDB00C22B86 /* Images.xcassets */; };
		F338D2461B3BBEDB00C22B86 /* Main.storyboard in Resources */ = {isa = PBXBuildFile; fileRef = F338D2441B3BBEDB00C22B86 /* Main.storyboard */; };
		F338D2521B3BBEDB00C22B86 /* Aria2UITests.m in Sources */ = {isa = PBXBuildFile; fileRef = F338D2511B3BBEDB00C22B86 /* Aria2UITests.m */; };
		F353C21D1B3BDCFC0040C47F /* .gitignore in Resources */ = {isa = PBXBuildFile; fileRef = F353C2061B3BDCFC0040C47F /* .gitignore */; };
		F353C21E1B3BDCFC0040C47F /* bootstrap-responsive.min.css in Resources */ = {isa = PBXBuildFile; fileRef = F353C2081B3BDCFC0040C47F /* bootstrap-responsive.min.css */; };
		F353C21F1B3BDCFC0040C47F /* bootstrap.min.css in Resources */ = {isa = PBXBuildFile; fileRef = F353C2091B3BDCFC0040C47F /* bootstrap.min.css */; };
		F353C2201B3BDCFC0040C47F /* main.css in Resources */ = {isa = PBXBuildFile; fileRef = F353C20A1B3BDCFC0040C47F /* main.css */; };
		F353C2211B3BDCFC0040C47F /* favicon.ico in Resources */ = {isa = PBXBuildFile; fileRef = F353C20C1B3BDCFC0040C47F /* favicon.ico */; };
		F353C2221B3BDCFC0040C47F /* glyphicons-halflings-white.png in Resources */ = {isa = PBXBuildFile; fileRef = F353C20D1B3BDCFC0040C47F /* glyphicons-halflings-white.png */; };
		F353C2231B3BDCFC0040C47F /* glyphicons-halflings.png in Resources */ = {isa = PBXBuildFile; fileRef = F353C20E1B3BDCFC0040C47F /* glyphicons-halflings.png */; };
		F353C2251B3BDCFC0040C47F /* aria2.js in Resources */ = {isa = PBXBuildFile; fileRef = F353C2111B3BDCFC0040C47F /* aria2.js */; };
		F353C2261B3BDCFC0040C47F /* bootstrap.min.js in Resources */ = {isa = PBXBuildFile; fileRef = F353C2121B3BDCFC0040C47F /* bootstrap.min.js */; };
		F353C2271B3BDCFC0040C47F /* jquery-1.7.2.min.js in Resources */ = {isa = PBXBuildFile; fileRef = F353C2131B3BDCFC0040C47F /* jquery-1.7.2.min.js */; };
		F353C2281B3BDCFC0040C47F /* jquery.base64.min.js in Resources */ = {isa = PBXBuildFile; fileRef = F353C2141B3BDCFC0040C47F /* jquery.base64.min.js */; };
		F353C2291B3BDCFC0040C47F /* jquery.jsonrpc.js in Resources */ = {isa = PBXBuildFile; fileRef = F353C2151B3BDCFC0040C47F /* jquery.jsonrpc.js */; };
		F353C22A1B3BDCFC0040C47F /* jquery.Storage.js in Resources */ = {isa = PBXBuildFile; fileRef = F353C2161B3BDCFC0040C47F /* jquery.Storage.js */; };
		F353C22B1B3BDCFC0040C47F /* mustache.js in Resources */ = {isa = PBXBuildFile; fileRef = F353C2171B3BDCFC0040C47F /* mustache.js */; };
		F353C22C1B3BDCFC0040C47F /* peerid.js in Resources */ = {isa = PBXBuildFile; fileRef = F353C2181B3BDCFC0040C47F /* peerid.js */; };
		F353C22D1B3BDCFC0040C47F /* yaaw.js in Resources */ = {isa = PBXBuildFile; fileRef = F353C2191B3BDCFC0040C47F /* yaaw.js */; };
		F353C22E1B3BDCFC0040C47F /* offline.appcache in Resources */ = {isa = PBXBuildFile; fileRef = F353C21A1B3BDCFC0040C47F /* offline.appcache */; };
		F353C2321B3BDD400040C47F /* index0.html in Resources */ = {isa = PBXBuildFile; fileRef = F353C2311B3BDD400040C47F /* index0.html */; };
		F353C2381B3BF2F90040C47F /* winController.m in Sources */ = {isa = PBXBuildFile; fileRef = F353C2371B3BF2F90040C47F /* winController.m */; };
/* End PBXBuildFile section */

/* Begin PBXContainerItemProxy section */
		F338D24C1B3BBEDB00C22B86 /* PBXContainerItemProxy */ = {
			isa = PBXContainerItemProxy;
			containerPortal = F338D22D1B3BBEDB00C22B86 /* Project object */;
			proxyType = 1;
			remoteGlobalIDString = F338D2341B3BBEDB00C22B86;
			remoteInfo = Aria2UI;
		};
/* End PBXContainerItemProxy section */

/* Begin PBXFileReference section */
		F338D2351B3BBEDB00C22B86 /* Aria2UI.app */ = {isa = PBXFileReference; explicitFileType = wrapper.application; includeInIndex = 0; path = Aria2UI.app; sourceTree = BUILT_PRODUCTS_DIR; };
		F338D2391B3BBEDB00C22B86 /* Info.plist */ = {isa = PBXFileReference; lastKnownFileType = text.plist.xml; path = Info.plist; sourceTree = "<group>"; };
		F338D23A1B3BBEDB00C22B86 /* AppDelegate.h */ = {isa = PBXFileReference; lastKnownFileType = sourcecode.c.h; path = AppDelegate.h; sourceTree = "<group>"; };
		F338D23B1B3BBEDB00C22B86 /* AppDelegate.m */ = {isa = PBXFileReference; lastKnownFileType = sourcecode.c.objc; path = AppDelegate.m; sourceTree = "<group>"; };
		F338D23D1B3BBEDB00C22B86 /* main.m */ = {isa = PBXFileReference; lastKnownFileType = sourcecode.c.objc; path = main.m; sourceTree = "<group>"; };
		F338D23F1B3BBEDB00C22B86 /* ViewController.h */ = {isa = PBXFileReference; lastKnownFileType = sourcecode.c.h; path = ViewController.h; sourceTree = "<group>"; };
		F338D2401B3BBEDB00C22B86 /* ViewController.m */ = {isa = PBXFileReference; lastKnownFileType = sourcecode.c.objc; path = ViewController.m; sourceTree = "<group>"; };
		F338D2421B3BBEDB00C22B86 /* Images.xcassets */ = {isa = PBXFileReference; lastKnownFileType = folder.assetcatalog; path = Images.xcassets; sourceTree = "<group>"; };
		F338D2451B3BBEDB00C22B86 /* Base */ = {isa = PBXFileReference; lastKnownFileType = file.storyboard; name = Base; path = Base.lproj/Main.storyboard; sourceTree = "<group>"; };
		F338D24B1B3BBEDB00C22B86 /* Aria2UITests.xctest */ = {isa = PBXFileReference; explicitFileType = wrapper.cfbundle; includeInIndex = 0; path = Aria2UITests.xctest; sourceTree = BUILT_PRODUCTS_DIR; };
		F338D2501B3BBEDB00C22B86 /* Info.plist */ = {isa = PBXFileReference; lastKnownFileType = text.plist.xml; path = Info.plist; sourceTree = "<group>"; };
		F338D2511B3BBEDB00C22B86 /* Aria2UITests.m */ = {isa = PBXFileReference; lastKnownFileType = sourcecode.c.objc; path = Aria2UITests.m; sourceTree = "<group>"; };
		F353C2061B3BDCFC0040C47F /* .gitignore */ = {isa = PBXFileReference; fileEncoding = 4; lastKnownFileType = text; path = .gitignore; sourceTree = "<group>"; };
		F353C2081B3BDCFC0040C47F /* bootstrap-responsive.min.css */ = {isa = PBXFileReference; fileEncoding = 4; lastKnownFileType = text.css; path = "bootstrap-responsive.min.css"; sourceTree = "<group>"; };
		F353C2091B3BDCFC0040C47F /* bootstrap.min.css */ = {isa = PBXFileReference; fileEncoding = 4; lastKnownFileType = text.css; path = bootstrap.min.css; sourceTree = "<group>"; };
		F353C20A1B3BDCFC0040C47F /* main.css */ = {isa = PBXFileReference; fileEncoding = 4; lastKnownFileType = text.css; path = main.css; sourceTree = "<group>"; };
		F353C20C1B3BDCFC0040C47F /* favicon.ico */ = {isa = PBXFileReference; lastKnownFileType = image.ico; path = favicon.ico; sourceTree = "<group>"; };
		F353C20D1B3BDCFC0040C47F /* glyphicons-halflings-white.png */ = {isa = PBXFileReference; lastKnownFileType = image.png; path = "glyphicons-halflings-white.png"; sourceTree = "<group>"; };
		F353C20E1B3BDCFC0040C47F /* glyphicons-halflings.png */ = {isa = PBXFileReference; lastKnownFileType = image.png; path = "glyphicons-halflings.png"; sourceTree = "<group>"; };
		F353C2111B3BDCFC0040C47F /* aria2.js */ = {isa = PBXFileReference; fileEncoding = 4; lastKnownFileType = sourcecode.javascript; path = aria2.js; sourceTree = "<group>"; };
		F353C2121B3BDCFC0040C47F /* bootstrap.min.js */ = {isa = PBXFileReference; fileEncoding = 4; lastKnownFileType = sourcecode.javascript; path = bootstrap.min.js; sourceTree = "<group>"; };
		F353C2131B3BDCFC0040C47F /* jquery-1.7.2.min.js */ = {isa = PBXFileReference; fileEncoding = 4; lastKnownFileType = sourcecode.javascript; path = "jquery-1.7.2.min.js"; sourceTree = "<group>"; };
		F353C2141B3BDCFC0040C47F /* jquery.base64.min.js */ = {isa = PBXFileReference; fileEncoding = 4; lastKnownFileType = sourcecode.javascript; path = jquery.base64.min.js; sourceTree = "<group>"; };
		F353C2151B3BDCFC0040C47F /* jquery.jsonrpc.js */ = {isa = PBXFileReference; fileEncoding = 4; lastKnownFileType = sourcecode.javascript; path = jquery.jsonrpc.js; sourceTree = "<group>"; };
		F353C2161B3BDCFC0040C47F /* jquery.Storage.js */ = {isa = PBXFileReference; fileEncoding = 4; lastKnownFileType = sourcecode.javascript; path = jquery.Storage.js; sourceTree = "<group>"; };
		F353C2171B3BDCFC0040C47F /* mustache.js */ = {isa = PBXFileReference; fileEncoding = 4; lastKnownFileType = sourcecode.javascript; path = mustache.js; sourceTree = "<group>"; };
		F353C2181B3BDCFC0040C47F /* peerid.js */ = {isa = PBXFileReference; fileEncoding = 4; lastKnownFileType = sourcecode.javascript; path = peerid.js; sourceTree = "<group>"; };
		F353C2191B3BDCFC0040C47F /* yaaw.js */ = {isa = PBXFileReference; fileEncoding = 4; lastKnownFileType = sourcecode.javascript; path = yaaw.js; sourceTree = "<group>"; };
		F353C21A1B3BDCFC0040C47F /* offline.appcache */ = {isa = PBXFileReference; fileEncoding = 4; lastKnownFileType = text; path = offline.appcache; sourceTree = "<group>"; };
		F353C2311B3BDD400040C47F /* index0.html */ = {isa = PBXFileReference; fileEncoding = 4; lastKnownFileType = text.html; path = index0.html; sourceTree = "<group>"; };
		F353C2361B3BF2F90040C47F /* winController.h */ = {isa = PBXFileReference; fileEncoding = 4; lastKnownFileType = sourcecode.c.h; path = winController.h; sourceTree = "<group>"; };
		F353C2371B3BF2F90040C47F /* winController.m */ = {isa = PBXFileReference; fileEncoding = 4; lastKnownFileType = sourcecode.c.objc; path = winController.m; sourceTree = "<group>"; };
/* End PBXFileReference section */

/* Begin PBXFrameworksBuildPhase section */
		F338D2321B3BBEDB00C22B86 /* Frameworks */ = {
			isa = PBXFrameworksBuildPhase;
			buildActionMask = 2147483647;
			files = (
			);
			runOnlyForDeploymentPostprocessing = 0;
		};
		F338D2481B3BBEDB00C22B86 /* Frameworks */ = {
			isa = PBXFrameworksBuildPhase;
			buildActionMask = 2147483647;
			files = (
			);
			runOnlyForDeploymentPostprocessing = 0;
		};
/* End PBXFrameworksBuildPhase section */

/* Begin PBXGroup section */
		F338D22C1B3BBEDB00C22B86 = {
			isa = PBXGroup;
			children = (
				F353C2361B3BF2F90040C47F /* winController.h */,
				F353C2371B3BF2F90040C47F /* winController.m */,
				F338D2371B3BBEDB00C22B86 /* Aria2UI */,
				F338D24E1B3BBEDB00C22B86 /* Aria2UITests */,
				F338D2361B3BBEDB00C22B86 /* Products */,
			);
			sourceTree = "<group>";
		};
		F338D2361B3BBEDB00C22B86 /* Products */ = {
			isa = PBXGroup;
			children = (
				F338D2351B3BBEDB00C22B86 /* Aria2UI.app */,
				F338D24B1B3BBEDB00C22B86 /* Aria2UITests.xctest */,
			);
			name = Products;
			sourceTree = "<group>";
		};
		F338D2371B3BBEDB00C22B86 /* Aria2UI */ = {
			isa = PBXGroup;
			children = (
				F353C2051B3BDCFC0040C47F /* yaaw */,
				F338D23A1B3BBEDB00C22B86 /* AppDelegate.h */,
				F338D23B1B3BBEDB00C22B86 /* AppDelegate.m */,
				F338D23F1B3BBEDB00C22B86 /* ViewController.h */,
				F338D2401B3BBEDB00C22B86 /* ViewController.m */,
				F338D2421B3BBEDB00C22B86 /* Images.xcassets */,
				F338D2441B3BBEDB00C22B86 /* Main.storyboard */,
				F338D2381B3BBEDB00C22B86 /* Supporting Files */,
			);
			path = Aria2UI;
			sourceTree = "<group>";
		};
		F338D2381B3BBEDB00C22B86 /* Supporting Files */ = {
			isa = PBXGroup;
			children = (
				F338D2391B3BBEDB00C22B86 /* Info.plist */,
				F338D23D1B3BBEDB00C22B86 /* main.m */,
			);
			name = "Supporting Files";
			sourceTree = "<group>";
		};
		F338D24E1B3BBEDB00C22B86 /* Aria2UITests */ = {
			isa = PBXGroup;
			children = (
				F338D2511B3BBEDB00C22B86 /* Aria2UITests.m */,
				F338D24F1B3BBEDB00C22B86 /* Supporting Files */,
			);
			path = Aria2UITests;
			sourceTree = "<group>";
		};
		F338D24F1B3BBEDB00C22B86 /* Supporting Files */ = {
			isa = PBXGroup;
			children = (
				F338D2501B3BBEDB00C22B86 /* Info.plist */,
			);
			name = "Supporting Files";
			sourceTree = "<group>";
		};
		F353C2051B3BDCFC0040C47F /* yaaw */ = {
			isa = PBXGroup;
			children = (
				F353C2061B3BDCFC0040C47F /* .gitignore */,
				F353C2071B3BDCFC0040C47F /* css */,
				F353C20B1B3BDCFC0040C47F /* img */,
				F353C2101B3BDCFC0040C47F /* js */,
				F353C21A1B3BDCFC0040C47F /* offline.appcache */,
				F353C2311B3BDD400040C47F /* index0.html */,
			);
			path = yaaw;
			sourceTree = "<group>";
		};
		F353C2071B3BDCFC0040C47F /* css */ = {
			isa = PBXGroup;
			children = (
				F353C2081B3BDCFC0040C47F /* bootstrap-responsive.min.css */,
				F353C2091B3BDCFC0040C47F /* bootstrap.min.css */,
				F353C20A1B3BDCFC0040C47F /* main.css */,
			);
			path = css;
			sourceTree = "<group>";
		};
		F353C20B1B3BDCFC0040C47F /* img */ = {
			isa = PBXGroup;
			children = (
				F353C20C1B3BDCFC0040C47F /* favicon.ico */,
				F353C20D1B3BDCFC0040C47F /* glyphicons-halflings-white.png */,
				F353C20E1B3BDCFC0040C47F /* glyphicons-halflings.png */,
			);
			path = img;
			sourceTree = "<group>";
		};
		F353C2101B3BDCFC0040C47F /* js */ = {
			isa = PBXGroup;
			children = (
				F353C2111B3BDCFC0040C47F /* aria2.js */,
				F353C2121B3BDCFC0040C47F /* bootstrap.min.js */,
				F353C2131B3BDCFC0040C47F /* jquery-1.7.2.min.js */,
				F353C2141B3BDCFC0040C47F /* jquery.base64.min.js */,
				F353C2151B3BDCFC0040C47F /* jquery.jsonrpc.js */,
				F353C2161B3BDCFC0040C47F /* jquery.Storage.js */,
				F353C2171B3BDCFC0040C47F /* mustache.js */,
				F353C2181B3BDCFC0040C47F /* peerid.js */,
				F353C2191B3BDCFC0040C47F /* yaaw.js */,
			);
			path = js;
			sourceTree = "<group>";
		};
/* End PBXGroup section */

/* Begin PBXNativeTarget section */
		F338D2341B3BBEDB00C22B86 /* Aria2UI */ = {
			isa = PBXNativeTarget;
			buildConfigurationList = F338D2551B3BBEDB00C22B86 /* Build configuration list for PBXNativeTarget "Aria2UI" */;
			buildPhases = (
				F338D2311B3BBEDB00C22B86 /* Sources */,
				F338D2321B3BBEDB00C22B86 /* Frameworks */,
				F338D2331B3BBEDB00C22B86 /* Resources */,
			);
			buildRules = (
			);
			dependencies = (
			);
			name = Aria2UI;
			productName = Aria2UI;
			productReference = F338D2351B3BBEDB00C22B86 /* Aria2UI.app */;
			productType = "com.apple.product-type.application";
		};
		F338D24A1B3BBEDB00C22B86 /* Aria2UITests */ = {
			isa = PBXNativeTarget;
			buildConfigurationList = F338D2581B3BBEDB00C22B86 /* Build configuration list for PBXNativeTarget "Aria2UITests" */;
			buildPhases = (
				F338D2471B3BBEDB00C22B86 /* Sources */,
				F338D2481B3BBEDB00C22B86 /* Frameworks */,
				F338D2491B3BBEDB00C22B86 /* Resources */,
			);
			buildRules = (
			);
			dependencies = (
				F338D24D1B3BBEDB00C22B86 /* PBXTargetDependency */,
			);
			name = Aria2UITests;
			productName = Aria2UITests;
			productReference = F338D24B1B3BBEDB00C22B86 /* Aria2UITests.xctest */;
			productType = "com.apple.product-type.bundle.unit-test";
		};
/* End PBXNativeTarget section */

/* Begin PBXProject section */
		F338D22D1B3BBEDB00C22B86 /* Project object */ = {
			isa = PBXProject;
			attributes = {
				LastUpgradeCheck = 0630;
				ORGANIZATIONNAME = Kirile;
				TargetAttributes = {
					F338D2341B3BBEDB00C22B86 = {
						CreatedOnToolsVersion = 6.3.2;
					};
					F338D24A1B3BBEDB00C22B86 = {
						CreatedOnToolsVersion = 6.3.2;
						TestTargetID = F338D2341B3BBEDB00C22B86;
					};
				};
			};
			buildConfigurationList = F338D2301B3BBEDB00C22B86 /* Build configuration list for PBXProject "Aria2UI" */;
			compatibilityVersion = "Xcode 3.2";
			developmentRegion = English;
			hasScannedForEncodings = 0;
			knownRegions = (
				en,
				Base,
			);
			mainGroup = F338D22C1B3BBEDB00C22B86;
			productRefGroup = F338D2361B3BBEDB00C22B86 /* Products */;
			projectDirPath = "";
			projectRoot = "";
			targets = (
				F338D2341B3BBEDB00C22B86 /* Aria2UI */,
				F338D24A1B3BBEDB00C22B86 /* Aria2UITests */,
			);
		};
/* End PBXProject section */

/* Begin PBXResourcesBuildPhase section */
		F338D2331B3BBEDB00C22B86 /* Resources */ = {
			isa = PBXResourcesBuildPhase;
			buildActionMask = 2147483647;
			files = (
				F353C2291B3BDCFC0040C47F /* jquery.jsonrpc.js in Resources */,
				F353C21F1B3BDCFC0040C47F /* bootstrap.min.css in Resources */,
				F353C22B1B3BDCFC0040C47F /* mustache.js in Resources */,
				F338D2431B3BBEDB00C22B86 /* Images.xcassets in Resources */,
				F353C2271B3BDCFC0040C47F /* jquery-1.7.2.min.js in Resources */,
				F353C2321B3BDD400040C47F /* index0.html in Resources */,
				F353C22C1B3BDCFC0040C47F /* peerid.js in Resources */,
				F353C2201B3BDCFC0040C47F /* main.css in Resources */,
				F353C2261B3BDCFC0040C47F /* bootstrap.min.js in Resources */,
				F353C21D1B3BDCFC0040C47F /* .gitignore in Resources */,
				F353C2221B3BDCFC0040C47F /* glyphicons-halflings-white.png in Resources */,
				F353C22E1B3BDCFC0040C47F /* offline.appcache in Resources */,
				F353C22D1B3BDCFC0040C47F /* yaaw.js in Resources */,
				F353C2281B3BDCFC0040C47F /* jquery.base64.min.js in Resources */,
				F353C2251B3BDCFC0040C47F /* aria2.js in Resources */,
				F353C2231B3BDCFC0040C47F /* glyphicons-halflings.png in Resources */,
				F353C21E1B3BDCFC0040C47F /* bootstrap-responsive.min.css in Resources */,
				F338D2461B3BBEDB00C22B86 /* Main.storyboard in Resources */,
				F353C2211B3BDCFC0040C47F /* favicon.ico in Resources */,
				F353C22A1B3BDCFC0040C47F /* jquery.Storage.js in Resources */,
			);
			runOnlyForDeploymentPostprocessing = 0;
		};
		F338D2491B3BBEDB00C22B86 /* Resources */ = {
			isa = PBXResourcesBuildPhase;
			buildActionMask = 2147483647;
			files = (
			);
			runOnlyForDeploymentPostprocessing = 0;
		};
/* End PBXResourcesBuildPhase section */

/* Begin PBXSourcesBuildPhase section */
		F338D2311B3BBEDB00C22B86 /* Sources */ = {
			isa = PBXSourcesBuildPhase;
			buildActionMask = 2147483647;
			files = (
				F353C2381B3BF2F90040C47F /* winController.m in Sources */,
				F338D2411B3BBEDB00C22B86 /* ViewController.m in Sources */,
				F338D23E1B3BBEDB00C22B86 /* main.m in Sources */,
				F338D23C1B3BBEDB00C22B86 /* AppDelegate.m in Sources */,
			);
			runOnlyForDeploymentPostprocessing = 0;
		};
		F338D2471B3BBEDB00C22B86 /* Sources */ = {
			isa = PBXSourcesBuildPhase;
			buildActionMask = 2147483647;
			files = (
				F338D2521B3BBEDB00C22B86 /* Aria2UITests.m in Sources */,
			);
			runOnlyForDeploymentPostprocessing = 0;
		};
/* End PBXSourcesBuildPhase section */

/* Begin PBXTargetDependency section */
		F338D24D1B3BBEDB00C22B86 /* PBXTargetDependency */ = {
			isa = PBXTargetDependency;
			target = F338D2341B3BBEDB00C22B86 /* Aria2UI */;
			targetProxy = F338D24C1B3BBEDB00C22B86 /* PBXContainerItemProxy */;
		};
/* End PBXTargetDependency section */

/* Begin PBXVariantGroup section */
		F338D2441B3BBEDB00C22B86 /* Main.storyboard */ = {
			isa = PBXVariantGroup;
			children = (
				F338D2451B3BBEDB00C22B86 /* Base */,
			);
			name = Main.storyboard;
			sourceTree = "<group>";
		};
/* End PBXVariantGroup section */

/* Begin XCBuildConfiguration section */
		F338D2531B3BBEDB00C22B86 /* Debug */ = {
			isa = XCBuildConfiguration;
			buildSettings = {
				ALWAYS_SEARCH_USER_PATHS = NO;
				CLANG_CXX_LANGUAGE_STANDARD = "gnu++0x";
				CLANG_CXX_LIBRARY = "libc++";
				CLANG_ENABLE_MODULES = YES;
				CLANG_ENABLE_OBJC_ARC = YES;
				CLANG_WARN_BOOL_CONVERSION = YES;
				CLANG_WARN_CONSTANT_CONVERSION = YES;
				CLANG_WARN_DIRECT_OBJC_ISA_USAGE = YES_ERROR;
				CLANG_WARN_EMPTY_BODY = YES;
				CLANG_WARN_ENUM_CONVERSION = YES;
				CLANG_WARN_INT_CONVERSION = YES;
				CLANG_WARN_OBJC_ROOT_CLASS = YES_ERROR;
				CLANG_WARN_UNREACHABLE_CODE = YES;
				CLANG_WARN__DUPLICATE_METHOD_MATCH = YES;
				CODE_SIGN_IDENTITY = "-";
				COPY_PHASE_STRIP = NO;
				DEBUG_INFORMATION_FORMAT = dwarf;
				ENABLE_STRICT_OBJC_MSGSEND = YES;
				GCC_C_LANGUAGE_STANDARD = gnu99;
				GCC_DYNAMIC_NO_PIC = NO;
				GCC_NO_COMMON_BLOCKS = YES;
				GCC_OPTIMIZATION_LEVEL = 0;
				GCC_PREPROCESSOR_DEFINITIONS = (
					"DEBUG=1",
					"$(inherited)",
				);
				GCC_SYMBOLS_PRIVATE_EXTERN = NO;
				GCC_WARN_64_TO_32_BIT_CONVERSION = YES;
				GCC_WARN_ABOUT_RETURN_TYPE = YES_ERROR;
				GCC_WARN_UNDECLARED_SELECTOR = YES;
				GCC_WARN_UNINITIALIZED_AUTOS = YES_AGGRESSIVE;
				GCC_WARN_UNUSED_FUNCTION = YES;
				GCC_WARN_UNUSED_VARIABLE = YES;
				MACOSX_DEPLOYMENT_TARGET = 10.10;
				MTL_ENABLE_DEBUG_INFO = YES;
				ONLY_ACTIVE_ARCH = YES;
				SDKROOT = macosx;
			};
			name = Debug;
		};
		F338D2541B3BBEDB00C22B86 /* Release */ = {
			isa = XCBuildConfiguration;
			buildSettings = {
				ALWAYS_SEARCH_USER_PATHS = NO;
				CLANG_CXX_LANGUAGE_STANDARD = "gnu++0x";
				CLANG_CXX_LIBRARY = "libc++";
				CLANG_ENABLE_MODULES = YES;
				CLANG_ENABLE_OBJC_ARC = YES;
				CLANG_WARN_BOOL_CONVERSION = YES;
				CLANG_WARN_CONSTANT_CONVERSION = YES;
				CLANG_WARN_DIRECT_OBJC_ISA_USAGE = YES_ERROR;
				CLANG_WARN_EMPTY_BODY = YES;
				CLANG_WARN_ENUM_CONVERSION = YES;
				CLANG_WARN_INT_CONVERSION = YES;
				CLANG_WARN_OBJC_ROOT_CLASS = YES_ERROR;
				CLANG_WARN_UNREACHABLE_CODE = YES;
				CLANG_WARN__DUPLICATE_METHOD_MATCH = YES;
				CODE_SIGN_IDENTITY = "-";
				COPY_PHASE_STRIP = NO;
				DEBUG_INFORMATION_FORMAT = "dwarf-with-dsym";
				ENABLE_NS_ASSERTIONS = NO;
				ENABLE_STRICT_OBJC_MSGSEND = YES;
				GCC_C_LANGUAGE_STANDARD = gnu99;
				GCC_NO_COMMON_BLOCKS = YES;
				GCC_WARN_64_TO_32_BIT_CONVERSION = YES;
				GCC_WARN_ABOUT_RETURN_TYPE = YES_ERROR;
				GCC_WARN_UNDECLARED_SELECTOR = YES;
				GCC_WARN_UNINITIALIZED_AUTOS = YES_AGGRESSIVE;
				GCC_WARN_UNUSED_FUNCTION = YES;
				GCC_WARN_UNUSED_VARIABLE = YES;
				MACOSX_DEPLOYMENT_TARGET = 10.10;
				MTL_ENABLE_DEBUG_INFO = NO;
				SDKROOT = macosx;
			};
			name = Release;
		};
		F338D2561B3BBEDB00C22B86 /* Debug */ = {
			isa = XCBuildConfiguration;
			buildSettings = {
				ASSETCATALOG_COMPILER_APPICON_NAME = AppIcon;
				COMBINE_HIDPI_IMAGES = YES;
				INFOPLIST_FILE = Aria2UI/Info.plist;
				LD_RUNPATH_SEARCH_PATHS = "$(inherited) @executable_path/../Frameworks";
				PRODUCT_NAME = "$(TARGET_NAME)";
			};
			name = Debug;
		};
		F338D2571B3BBEDB00C22B86 /* Release */ = {
			isa = XCBuildConfiguration;
			buildSettings = {
				ASSETCATALOG_COMPILER_APPICON_NAME = AppIcon;
				COMBINE_HIDPI_IMAGES = YES;
				INFOPLIST_FILE = Aria2UI/Info.plist;
				LD_RUNPATH_SEARCH_PATHS = "$(inherited) @executable_path/../Frameworks";
				PRODUCT_NAME = "$(TARGET_NAME)";
			};
			name = Release;
		};
		F338D2591B3BBEDB00C22B86 /* Debug */ = {
			isa = XCBuildConfiguration;
			buildSettings = {
				BUNDLE_LOADER = "$(TEST_HOST)";
				COMBINE_HIDPI_IMAGES = YES;
				FRAMEWORK_SEARCH_PATHS = (
					"$(DEVELOPER_FRAMEWORKS_DIR)",
					"$(inherited)",
				);
				GCC_PREPROCESSOR_DEFINITIONS = (
					"DEBUG=1",
					"$(inherited)",
				);
				INFOPLIST_FILE = Aria2UITests/Info.plist;
				LD_RUNPATH_SEARCH_PATHS = "$(inherited) @executable_path/../Frameworks @loader_path/../Frameworks";
				PRODUCT_NAME = "$(TARGET_NAME)";
				TEST_HOST = "$(BUILT_PRODUCTS_DIR)/Aria2UI.app/Contents/MacOS/Aria2UI";
			};
			name = Debug;
		};
		F338D25A1B3BBEDB00C22B86 /* Release */ = {
			isa = XCBuildConfiguration;
			buildSettings = {
				BUNDLE_LOADER = "$(TEST_HOST)";
				COMBINE_HIDPI_IMAGES = YES;
				FRAMEWORK_SEARCH_PATHS = (
					"$(DEVELOPER_FRAMEWORKS_DIR)",
					"$(inherited)",
				);
				INFOPLIST_FILE = Aria2UITests/Info.plist;
				LD_RUNPATH_SEARCH_PATHS = "$(inherited) @executable_path/../Frameworks @loader_path/../Frameworks";
				PRODUCT_NAME = "$(TARGET_NAME)";
				TEST_HOST = "$(BUILT_PRODUCTS_DIR)/Aria2UI.app/Contents/MacOS/Aria2UI";
			};
			name = Release;
		};
/* End XCBuildConfiguration section */

/* Begin XCConfigurationList section */
		F338D2301B3BBEDB00C22B86 /* Build configuration list for PBXProject "Aria2UI" */ = {
			isa = XCConfigurationList;
			buildConfigurations = (
				F338D2531B3BBEDB00C22B86 /* Debug */,
				F338D2541B3BBEDB00C22B86 /* Release */,
			);
			defaultConfigurationIsVisible = 0;
			defaultConfigurationName = Release;
		};
		F338D2551B3BBEDB00C22B86 /* Build configuration list for PBXNativeTarget "Aria2UI" */ = {
			isa = XCConfigurationList;
			buildConfigurations = (
				F338D2561B3BBEDB00C22B86 /* Debug */,
				F338D2571B3BBEDB00C22B86 /* Release */,
			);
			defaultConfigurationIsVisible = 0;
			defaultConfigurationName = Release;
		};
		F338D2581B3BBEDB00C22B86 /* Build configuration list for PBXNativeTarget "Aria2UITests" */ = {
			isa = XCConfigurationList;
			buildConfigurations = (
				F338D2591B3BBEDB00C22B86 /* Debug */,
				F338D25A1B3BBEDB00C22B86 /* Release */,
			);
			defaultConfigurationIsVisible = 0;
			defaultConfigurationName = Release;
		};
/* End XCConfigurationList section */
	};
	rootObject = F338D22D1B3BBEDB00C22B86 /* Project object */;
}
